
Microsoft Visual Studio Solution File, Format Version 12.00
# Visual Studio Version 16
VisualStudioVersion = 16.0.30002.166
MinimumVisualStudioVersion = 10.0.40219.1
Project("{FAE04EC0-301F-11D3-BF4B-00C04F79EFBC}") = "EventPrac", "EventPrac\EventPrac.csproj", "{54C9081B-D813-4C1A-9808-DAC2394013BD}"
EndProject
Global
	GlobalSection(SolutionConfigurationPlatforms) = preSolution
		Debug|Any CPU = Debug|Any CPU
		Release|Any CPU = Release|Any CPU
	EndGlobalSection
	GlobalSection(ProjectConfigurationPlatforms) = postSolution
		{54C9081B-D813-4C1A-9808-DAC2394013BD}.Debug|Any CPU.ActiveCfg = Debug|Any CPU
		{54C9081B-D813-4C1A-9808-DAC2394013BD}.Debug|Any CPU.Build.0 = Debug|Any CPU
		{54C9081B-D813-4C1A-9808-DAC2394013BD}.Release|Any CPU.ActiveCfg = Release|Any CPU
		{54C9081B-D813-4C1A-9808-DAC2394013BD}.Release|Any CPU.Build.0 = Release|Any CPU
	EndGlobalSection
	GlobalSection(SolutionProperties) = preSolution
		HideSolutionNode = FALSE
	EndGlobalSection
	GlobalSection(ExtensibilityGlobals) = postSolution
		SolutionGuid = {03C12163-C891-495D-8A0E-16CD7ABF841A}
	EndGlobalSection
EndGlobal
